
Microsoft Visual Studio Solution File, Format Version 12.00
# Visual Studio Version 17
VisualStudioVersion = 17.7.34221.43
MinimumVisualStudioVersion = 10.0.40219.1
Project("{FAE04EC0-301F-11D3-BF4B-00C04F79EFBC}") = "Ristorante", "Ristorante\Ristorante.csproj", "{D706CF67-909C-4EE6-AD33-547FBDE367BB}"
EndProject
Global
	GlobalSection(SolutionConfigurationPlatforms) = preSolution
		Debug|Any CPU = Debug|Any CPU
		Release|Any CPU = Release|Any CPU
	EndGlobalSection
	GlobalSection(ProjectConfigurationPlatforms) = postSolution
		{D706CF67-909C-4EE6-AD33-547FBDE367BB}.Debug|Any CPU.ActiveCfg = Debug|Any CPU
		{D706CF67-909C-4EE6-AD33-547FBDE367BB}.Debug|Any CPU.Build.0 = Debug|Any CPU
		{D706CF67-909C-4EE6-AD33-547FBDE367BB}.Release|Any CPU.ActiveCfg = Release|Any CPU
		{D706CF67-909C-4EE6-AD33-547FBDE367BB}.Release|Any CPU.Build.0 = Release|Any CPU
	EndGlobalSection
	GlobalSection(SolutionProperties) = preSolution
		HideSolutionNode = FALSE
	EndGlobalSection
	GlobalSection(ExtensibilityGlobals) = postSolution
		SolutionGuid = {A530E364-C8ED-4824-93B0-E3FBC06C0A86}
	EndGlobalSection
EndGlobal
